
Microsoft Visual Studio Solution File, Format Version 12.00
# Visual Studio Version 17
VisualStudioVersion = 17.7.34202.233
MinimumVisualStudioVersion = 10.0.40219.1
Project("{8BC9CEB8-8B4A-11D0-8D11-00A0C91BC942}") = "pro3_difference", "pro3_difference\pro3_difference.vcxproj", "{A80D0D62-A037-4903-BD23-8E6C39A13FAE}"
EndProject
Global
	GlobalSection(SolutionConfigurationPlatforms) = preSolution
		Debug|x64 = Debug|x64
		Debug|x86 = Debug|x86
		Release|x64 = Release|x64
		Release|x86 = Release|x86
	EndGlobalSection
	GlobalSection(ProjectConfigurationPlatforms) = postSolution
		{A80D0D62-A037-4903-BD23-8E6C39A13FAE}.Debug|x64.ActiveCfg = Debug|x64
		{A80D0D62-A037-4903-BD23-8E6C39A13FAE}.Debug|x64.Build.0 = Debug|x64
		{A80D0D62-A037-4903-BD23-8E6C39A13FAE}.Debug|x86.ActiveCfg = Debug|Win32
		{A80D0D62-A037-4903-BD23-8E6C39A13FAE}.Debug|x86.Build.0 = Debug|Win32
		{A80D0D62-A037-4903-BD23-8E6C39A13FAE}.Release|x64.ActiveCfg = Release|x64
		{A80D0D62-A037-4903-BD23-8E6C39A13FAE}.Release|x64.Build.0 = Release|x64
		{A80D0D62-A037-4903-BD23-8E6C39A13FAE}.Release|x86.ActiveCfg = Release|Win32
		{A80D0D62-A037-4903-BD23-8E6C39A13FAE}.Release|x86.Build.0 = Release|Win32
	EndGlobalSection
	GlobalSection(SolutionProperties) = preSolution
		HideSolutionNode = FALSE
	EndGlobalSection
	GlobalSection(ExtensibilityGlobals) = postSolution
		SolutionGuid = {636F3556-AA57-4814-B789-5A14078F352E}
	EndGlobalSection
EndGlobal
